
Microsoft Visual Studio Solution File, Format Version 12.00
# Visual Studio Version 17
VisualStudioVersion = 17.13.35919.96 d17.13
MinimumVisualStudioVersion = 10.0.40219.1
Project("{FAE04EC0-301F-11D3-BF4B-00C04F79EFBC}") = "DB_Hybrids", "DB_Hybrids.csproj", "{7BF9ECBB-5A66-4C7E-97E9-019B47108264}"
EndProject
Global
	GlobalSection(SolutionConfigurationPlatforms) = preSolution
		Debug|Any CPU = Debug|Any CPU
		Release|Any CPU = Release|Any CPU
	EndGlobalSection
	GlobalSection(ProjectConfigurationPlatforms) = postSolution
		{7BF9ECBB-5A66-4C7E-97E9-019B47108264}.Debug|Any CPU.ActiveCfg = Debug|Any CPU
		{7BF9ECBB-5A66-4C7E-97E9-019B47108264}.Debug|Any CPU.Build.0 = Debug|Any CPU
		{7BF9ECBB-5A66-4C7E-97E9-019B47108264}.Release|Any CPU.ActiveCfg = Release|Any CPU
		{7BF9ECBB-5A66-4C7E-97E9-019B47108264}.Release|Any CPU.Build.0 = Release|Any CPU
	EndGlobalSection
	GlobalSection(SolutionProperties) = preSolution
		HideSolutionNode = FALSE
	EndGlobalSection
	GlobalSection(ExtensibilityGlobals) = postSolution
		SolutionGuid = {3D2BDE24-FD05-4298-9D13-A407C9AB9BD3}
	EndGlobalSection
EndGlobal
